
Microsoft Visual Studio Solution File, Format Version 12.00
# Visual Studio Version 16
VisualStudioVersion = 16.0.29728.190
MinimumVisualStudioVersion = 10.0.40219.1
Project("{FAE04EC0-301F-11D3-BF4B-00C04F79EFBC}") = "Bug Tracker", "Bug Tracker.csproj", "{971A240E-8150-4760-9DC5-97E02ED43C6D}"
EndProject
Global
	GlobalSection(SolutionConfigurationPlatforms) = preSolution
		Debug|Any CPU = Debug|Any CPU
		Release|Any CPU = Release|Any CPU
	EndGlobalSection
	GlobalSection(ProjectConfigurationPlatforms) = postSolution
		{971A240E-8150-4760-9DC5-97E02ED43C6D}.Debug|Any CPU.ActiveCfg = Debug|Any CPU
		{971A240E-8150-4760-9DC5-97E02ED43C6D}.Debug|Any CPU.Build.0 = Debug|Any CPU
		{971A240E-8150-4760-9DC5-97E02ED43C6D}.Release|Any CPU.ActiveCfg = Release|Any CPU
		{971A240E-8150-4760-9DC5-97E02ED43C6D}.Release|Any CPU.Build.0 = Release|Any CPU
	EndGlobalSection
	GlobalSection(SolutionProperties) = preSolution
		HideSolutionNode = FALSE
	EndGlobalSection
	GlobalSection(ExtensibilityGlobals) = postSolution
		SolutionGuid = {54EDEC25-EAE6-4828-B1F4-D9505B304F50}
	EndGlobalSection
EndGlobal
